
Microsoft Visual Studio Solution File, Format Version 12.00
# Visual Studio Version 17
VisualStudioVersion = 17.9.34902.65
MinimumVisualStudioVersion = 10.0.40219.1
Project("{FAE04EC0-301F-11D3-BF4B-00C04F79EFBC}") = "Hotel Management System", "Hotel Management System.csproj", "{A18EFCDC-BBDA-405E-A22A-608A0C6C6E61}"
EndProject
Global
	GlobalSection(SolutionConfigurationPlatforms) = preSolution
		Debug|Any CPU = Debug|Any CPU
		Release|Any CPU = Release|Any CPU
	EndGlobalSection
	GlobalSection(ProjectConfigurationPlatforms) = postSolution
		{A18EFCDC-BBDA-405E-A22A-608A0C6C6E61}.Debug|Any CPU.ActiveCfg = Debug|Any CPU
		{A18EFCDC-BBDA-405E-A22A-608A0C6C6E61}.Debug|Any CPU.Build.0 = Debug|Any CPU
		{A18EFCDC-BBDA-405E-A22A-608A0C6C6E61}.Release|Any CPU.ActiveCfg = Release|Any CPU
		{A18EFCDC-BBDA-405E-A22A-608A0C6C6E61}.Release|Any CPU.Build.0 = Release|Any CPU
	EndGlobalSection
	GlobalSection(SolutionProperties) = preSolution
		HideSolutionNode = FALSE
	EndGlobalSection
	GlobalSection(ExtensibilityGlobals) = postSolution
		SolutionGuid = {DCBD33D6-B45F-48F1-9204-ACE9370CF09A}
	EndGlobalSection
EndGlobal
